
Microsoft Visual Studio Solution File, Format Version 12.00
# Visual Studio Version 17
VisualStudioVersion = 17.4.33205.214
MinimumVisualStudioVersion = 10.0.40219.1
Project("{FAE04EC0-301F-11D3-BF4B-00C04F79EFBC}") = "CloudProductsBackEnd", "CloudProductsBackEnd\CloudProductsBackEnd.csproj", "{8981D0CC-D356-4978-8056-6DBE6D6099F5}"
EndProject
Global
	GlobalSection(SolutionConfigurationPlatforms) = preSolution
		Debug|Any CPU = Debug|Any CPU
		Release|Any CPU = Release|Any CPU
	EndGlobalSection
	GlobalSection(ProjectConfigurationPlatforms) = postSolution
		{8981D0CC-D356-4978-8056-6DBE6D6099F5}.Debug|Any CPU.ActiveCfg = Debug|Any CPU
		{8981D0CC-D356-4978-8056-6DBE6D6099F5}.Debug|Any CPU.Build.0 = Debug|Any CPU
		{8981D0CC-D356-4978-8056-6DBE6D6099F5}.Release|Any CPU.ActiveCfg = Release|Any CPU
		{8981D0CC-D356-4978-8056-6DBE6D6099F5}.Release|Any CPU.Build.0 = Release|Any CPU
	EndGlobalSection
	GlobalSection(SolutionProperties) = preSolution
		HideSolutionNode = FALSE
	EndGlobalSection
	GlobalSection(ExtensibilityGlobals) = postSolution
		SolutionGuid = {A065D4C9-A4A6-4EEF-B442-8B702510999D}
	EndGlobalSection
EndGlobal
